
Microsoft Visual Studio Solution File, Format Version 12.00
# Visual Studio Version 16
VisualStudioVersion = 16.0.31605.320
MinimumVisualStudioVersion = 10.0.40219.1
Project("{FAE04EC0-301F-11D3-BF4B-00C04F79EFBC}") = "iMercur", "iMercur\iMercur.csproj", "{4127EB41-20D6-41AD-A4F8-C51FAFFA24E1}"
EndProject
Global
	GlobalSection(SolutionConfigurationPlatforms) = preSolution
		Debug|Any CPU = Debug|Any CPU
		Release|Any CPU = Release|Any CPU
	EndGlobalSection
	GlobalSection(ProjectConfigurationPlatforms) = postSolution
		{4127EB41-20D6-41AD-A4F8-C51FAFFA24E1}.Debug|Any CPU.ActiveCfg = Debug|Any CPU
		{4127EB41-20D6-41AD-A4F8-C51FAFFA24E1}.Debug|Any CPU.Build.0 = Debug|Any CPU
		{4127EB41-20D6-41AD-A4F8-C51FAFFA24E1}.Release|Any CPU.ActiveCfg = Release|Any CPU
		{4127EB41-20D6-41AD-A4F8-C51FAFFA24E1}.Release|Any CPU.Build.0 = Release|Any CPU
	EndGlobalSection
	GlobalSection(SolutionProperties) = preSolution
		HideSolutionNode = FALSE
	EndGlobalSection
	GlobalSection(ExtensibilityGlobals) = postSolution
		SolutionGuid = {B7F3362D-4CA3-4064-83F0-DCD92E0D2A52}
	EndGlobalSection
EndGlobal
